version = 1
requires-python = ">=3.12"

[[package]]
name = "cmudict"
version = "1.0.32"
source = { registry = "https://pypi.org/simple" }
dependencies = [
    { name = "importlib-metadata" },
    { name = "importlib-resources" },
]
sdist = { url = "https://files.pythonhosted.org/packages/1b/d1/c32478997451c1c7cbf07b663845972812ca9ce678d228f4cd2bac5d2e32/cmudict-1.0.32.tar.gz", hash = "sha256:e84a587bb610b3a837a93f07494e874860cf205ea7f23db652b871093a699f38", size = 935959 }
wheels = [
    { url = "https://files.pythonhosted.org/packages/fa/ff/617bdeab02c2ce0384e64a5bb00ec479322dbf019491def68af6a860733d/cmudict-1.0.32-py3-none-any.whl", hash = "sha256:b9323664d49d128193c480ec97a3270ab2162469289bb26e950d13b2ef661c41", size = 939412 },
]

[[package]]
name = "importlib-metadata"
version = "8.6.1"
source = { registry = "https://pypi.org/simple" }
dependencies = [
    { name = "zipp" },
]
sdist = { url = "https://files.pythonhosted.org/packages/33/08/c1395a292bb23fd03bdf572a1357c5a733d3eecbab877641ceacab23db6e/importlib_metadata-8.6.1.tar.gz", hash = "sha256:310b41d755445d74569f993ccfc22838295d9fe005425094fad953d7f15c8580", size = 55767 }
wheels = [
    { url = "https://files.pythonhosted.org/packages/79/9d/0fb148dc4d6fa4a7dd1d8378168d9b4cd8d4560a6fbf6f0121c5fc34eb68/importlib_metadata-8.6.1-py3-none-any.whl", hash = "sha256:02a89390c1e15fdfdc0d7c6b25cb3e62650d0494005c97d6f148bf5b9787525e", size = 26971 },
]

[[package]]
name = "importlib-resources"
version = "6.5.2"
source = { registry = "https://pypi.org/simple" }
sdist = { url = "https://files.pythonhosted.org/packages/cf/8c/f834fbf984f691b4f7ff60f50b514cc3de5cc08abfc3295564dd89c5e2e7/importlib_resources-6.5.2.tar.gz", hash = "sha256:185f87adef5bcc288449d98fb4fba07cea78bc036455dd44c5fc4a2fe78fed2c", size = 44693 }
wheels = [
    { url = "https://files.pythonhosted.org/packages/a4/ed/1f1afb2e9e7f38a545d628f864d562a5ae64fe6f7a10e28ffb9b185b4e89/importlib_resources-6.5.2-py3-none-any.whl", hash = "sha256:789cfdc3ed28c78b67a06acb8126751ced69a3d5f79c095a98298cd8a760ccec", size = 37461 },
]

[[package]]
name = "polars"
version = "1.23.0"
source = { registry = "https://pypi.org/simple" }
sdist = { url = "https://files.pythonhosted.org/packages/dc/8d/d7dbba730dbf8cacf0926e620ea8c16a0f1674ee728c12f02e91066c2655/polars-1.23.0.tar.gz", hash = "sha256:4305e87e4c48bc4ae8401a055fb5431c4c0c4e88855e648927269f31e6d338f0", size = 4438041 }
wheels = [
    { url = "https://files.pythonhosted.org/packages/0a/c7/e993e7099a04bd1bb63fa995254fa3b7408bd91e900b96b358aeea26a6f3/polars-1.23.0-cp39-abi3-macosx_10_12_x86_64.whl", hash = "sha256:d9d344958cb9bfe1bd42c1af910cb000c0dfa2892b849f2cd35649e0bcd10fab", size = 33690353 },
    { url = "https://files.pythonhosted.org/packages/14/ea/f564320dd1e26d68e8e967048719a30dddfe8dbf2b9feae94ae7cce670c4/polars-1.23.0-cp39-abi3-macosx_11_0_arm64.whl", hash = "sha256:37ca01c31909ead40f32eb275b578c576bdd2e93730a07f3a38688b1c84f6ca8", size = 30405461 },
    { url = "https://files.pythonhosted.org/packages/62/c5/5464a08a3c646ac4589fe261f8107e51d4d6a82d0fa699ab2a155733bab6/polars-1.23.0-cp39-abi3-manylinux_2_17_x86_64.manylinux2014_x86_64.whl", hash = "sha256:3cb0b944ddfc13eefa3b8c244cba39790226fd11c861cbba9db2a1cbe033387a", size = 34237443 },
    { url = "https://files.pythonhosted.org/packages/31/0a/cdf0a0a3e5618d2fa79ea3a2020d9cac25c0cd4ddf131b7aa3d4314cdf73/polars-1.23.0-cp39-abi3-manylinux_2_24_aarch64.whl", hash = "sha256:655d296078c99cd3f5cefc3ec1f1447676a64f0d7dcd2f89d919f19bf84fa53f", size = 31401840 },
    { url = "https://files.pythonhosted.org/packages/86/60/2b0a210920b1c43ba8d920cec116aa21cac0ca4f333501673d94818aca9b/polars-1.23.0-cp39-abi3-win_amd64.whl", hash = "sha256:b774f04d77ed4153d9539e546db5ad6ff4757c79dfe981e22400eb59299c5493", size = 34524233 },
    { url = "https://files.pythonhosted.org/packages/cf/77/f03719e1d2699e175ff43ed376d8049a145ce0d080934dc50f435d2975b2/polars-1.23.0-cp39-abi3-win_arm64.whl", hash = "sha256:701df6381665c56da18704305119ce73983b1bead3378fbc8fac7ffd24817e93", size = 30771854 },
]

[[package]]
name = "prompt-analysis"
version = "0.1.0"
source = { virtual = "." }
dependencies = [
    { name = "polars" },
    { name = "textstat" },
]

[package.metadata]
requires-dist = [
    { name = "polars", specifier = ">=1.23.0" },
    { name = "textstat", specifier = ">=0.7.5" },
]

[[package]]
name = "pyphen"
version = "0.17.2"
source = { registry = "https://pypi.org/simple" }
sdist = { url = "https://files.pythonhosted.org/packages/69/56/e4d7e1bd70d997713649c5ce530b2d15a5fc2245a74ca820fc2d51d89d4d/pyphen-0.17.2.tar.gz", hash = "sha256:f60647a9c9b30ec6c59910097af82bc5dd2d36576b918e44148d8b07ef3b4aa3", size = 2079470 }
wheels = [
    { url = "https://files.pythonhosted.org/packages/7b/1f/c2142d2edf833a90728e5cdeb10bdbdc094dde8dbac078cee0cf33f5e11b/pyphen-0.17.2-py3-none-any.whl", hash = "sha256:3a07fb017cb2341e1d9ff31b8634efb1ae4dc4b130468c7c39dd3d32e7c3affd", size = 2079358 },
]

[[package]]
name = "setuptools"
version = "75.8.0"
source = { registry = "https://pypi.org/simple" }
sdist = { url = "https://files.pythonhosted.org/packages/92/ec/089608b791d210aec4e7f97488e67ab0d33add3efccb83a056cbafe3a2a6/setuptools-75.8.0.tar.gz", hash = "sha256:c5afc8f407c626b8313a86e10311dd3f661c6cd9c09d4bf8c15c0e11f9f2b0e6", size = 1343222 }
wheels = [
    { url = "https://files.pythonhosted.org/packages/69/8a/b9dc7678803429e4a3bc9ba462fa3dd9066824d3c607490235c6a796be5a/setuptools-75.8.0-py3-none-any.whl", hash = "sha256:e3982f444617239225d675215d51f6ba05f845d4eec313da4418fdbb56fb27e3", size = 1228782 },
]

[[package]]
name = "textstat"
version = "0.7.5"
source = { registry = "https://pypi.org/simple" }
dependencies = [
    { name = "cmudict" },
    { name = "pyphen" },
    { name = "setuptools" },
]
sdist = { url = "https://files.pythonhosted.org/packages/d8/e7/8fc80e94187c77a0e06da4845f1cb1b6198fa4da2ca8ba9b36b154e7acc2/textstat-0.7.5.tar.gz", hash = "sha256:a216038406c609aafe5cc607180fcb85c47a96d1109bd26f56b13122daca07a1", size = 110863 }
wheels = [
    { url = "https://files.pythonhosted.org/packages/61/4e/7a072210c25258b225ccb427f12267622cdcc747b003b5aacf60febbdff5/textstat-0.7.5-py3-none-any.whl", hash = "sha256:37bb8ea028ef1fdf3eaf29ba005ab4cad302477f9774bdce4c7b0f66296cf370", size = 105301 },
]

[[package]]
name = "zipp"
version = "3.21.0"
source = { registry = "https://pypi.org/simple" }
sdist = { url = "https://files.pythonhosted.org/packages/3f/50/bad581df71744867e9468ebd0bcd6505de3b275e06f202c2cb016e3ff56f/zipp-3.21.0.tar.gz", hash = "sha256:2c9958f6430a2040341a52eb608ed6dd93ef4392e02ffe219417c1b28b5dd1f4", size = 24545 }
wheels = [
    { url = "https://files.pythonhosted.org/packages/b7/1a/7e4798e9339adc931158c9d69ecc34f5e6791489d469f5e50ec15e35f458/zipp-3.21.0-py3-none-any.whl", hash = "sha256:ac1bbe05fd2991f160ebce24ffbac5f6d11d83dc90891255885223d42b3cd931", size = 9630 },
]
